
Microsoft Visual Studio Solution File, Format Version 12.00
# Visual Studio Version 17
VisualStudioVersion = 17.5.33424.131
MinimumVisualStudioVersion = 10.0.40219.1
Project("{9A19103F-16F7-4668-BE54-9A1E7A4F7556}") = "BlazorIdentity", "BlazorIdentity\BlazorIdentity.csproj", "{4EA34A32-A041-4408-9148-7925C421E0A4}"
EndProject
Project("{9A19103F-16F7-4668-BE54-9A1E7A4F7556}") = "Maui_Lib", "..\Maui_Lib\Maui_Lib\Maui_Lib.csproj", "{B82BB7B0-1A7E-4268-A658-345901ACC9D0}"
EndProject
Global
	GlobalSection(SolutionConfigurationPlatforms) = preSolution
		Debug|Any CPU = Debug|Any CPU
		Release|Any CPU = Release|Any CPU
	EndGlobalSection
	GlobalSection(ProjectConfigurationPlatforms) = postSolution
		{4EA34A32-A041-4408-9148-7925C421E0A4}.Debug|Any CPU.ActiveCfg = Debug|Any CPU
		{4EA34A32-A041-4408-9148-7925C421E0A4}.Debug|Any CPU.Build.0 = Debug|Any CPU
		{4EA34A32-A041-4408-9148-7925C421E0A4}.Release|Any CPU.ActiveCfg = Release|Any CPU
		{4EA34A32-A041-4408-9148-7925C421E0A4}.Release|Any CPU.Build.0 = Release|Any CPU
		{B82BB7B0-1A7E-4268-A658-345901ACC9D0}.Debug|Any CPU.ActiveCfg = Debug|Any CPU
		{B82BB7B0-1A7E-4268-A658-345901ACC9D0}.Debug|Any CPU.Build.0 = Debug|Any CPU
		{B82BB7B0-1A7E-4268-A658-345901ACC9D0}.Release|Any CPU.ActiveCfg = Release|Any CPU
		{B82BB7B0-1A7E-4268-A658-345901ACC9D0}.Release|Any CPU.Build.0 = Release|Any CPU
	EndGlobalSection
	GlobalSection(SolutionProperties) = preSolution
		HideSolutionNode = FALSE
	EndGlobalSection
	GlobalSection(ExtensibilityGlobals) = postSolution
		SolutionGuid = {6E40458E-9412-4427-9263-EF21189BAB5A}
	EndGlobalSection
EndGlobal
