
Microsoft Visual Studio Solution File, Format Version 12.00
# Visual Studio Version 17
VisualStudioVersion = 17.0.31903.59
MinimumVisualStudioVersion = 10.0.40219.1
Project("{9A19103F-16F7-4668-BE54-9A1E7A4F7556}") = "R2API", "R2API\R2API\R2API.csproj", "{B9C41F82-0775-4001-B5FD-56CDAAF199A1}"
EndProject
Project("{9A19103F-16F7-4668-BE54-9A1E7A4F7556}") = "BlazorIdentity", "BlazorIdentity\BlazorIdentity\BlazorIdentity.csproj", "{A8C5ACEC-2366-4BD1-9E64-8D2DBC6C5959}"
EndProject
Project("{9A19103F-16F7-4668-BE54-9A1E7A4F7556}") = "rei_identityserver", "Esperanto\rei_integradorweb\rei_identityserver\rei_identityserver.csproj", "{B445B7C6-E97E-41F3-95DB-6867EC11E1AA}"
EndProject
Project("{9A19103F-16F7-4668-BE54-9A1E7A4F7556}") = "rei_esperantolib", "Esperanto\rei_integradorweb\rei_esperantolib\rei_esperantolib.csproj", "{4A042090-E6B8-4818-A9F3-4E52939973FB}"
EndProject
Global
	GlobalSection(SolutionConfigurationPlatforms) = preSolution
		Debug|Any CPU = Debug|Any CPU
		Debug|x64 = Debug|x64
		Debug|x86 = Debug|x86
		Release|Any CPU = Release|Any CPU
		Release|x64 = Release|x64
		Release|x86 = Release|x86
	EndGlobalSection
	GlobalSection(ProjectConfigurationPlatforms) = postSolution
		{B9C41F82-0775-4001-B5FD-56CDAAF199A1}.Debug|Any CPU.ActiveCfg = Debug|Any CPU
		{B9C41F82-0775-4001-B5FD-56CDAAF199A1}.Debug|Any CPU.Build.0 = Debug|Any CPU
		{B9C41F82-0775-4001-B5FD-56CDAAF199A1}.Debug|x64.ActiveCfg = Debug|Any CPU
		{B9C41F82-0775-4001-B5FD-56CDAAF199A1}.Debug|x64.Build.0 = Debug|Any CPU
		{B9C41F82-0775-4001-B5FD-56CDAAF199A1}.Debug|x86.ActiveCfg = Debug|Any CPU
		{B9C41F82-0775-4001-B5FD-56CDAAF199A1}.Debug|x86.Build.0 = Debug|Any CPU
		{B9C41F82-0775-4001-B5FD-56CDAAF199A1}.Release|Any CPU.ActiveCfg = Release|Any CPU
		{B9C41F82-0775-4001-B5FD-56CDAAF199A1}.Release|Any CPU.Build.0 = Release|Any CPU
		{B9C41F82-0775-4001-B5FD-56CDAAF199A1}.Release|x64.ActiveCfg = Release|Any CPU
		{B9C41F82-0775-4001-B5FD-56CDAAF199A1}.Release|x64.Build.0 = Release|Any CPU
		{B9C41F82-0775-4001-B5FD-56CDAAF199A1}.Release|x86.ActiveCfg = Release|Any CPU
		{B9C41F82-0775-4001-B5FD-56CDAAF199A1}.Release|x86.Build.0 = Release|Any CPU
		{A8C5ACEC-2366-4BD1-9E64-8D2DBC6C5959}.Debug|Any CPU.ActiveCfg = Debug|Any CPU
		{A8C5ACEC-2366-4BD1-9E64-8D2DBC6C5959}.Debug|Any CPU.Build.0 = Debug|Any CPU
		{A8C5ACEC-2366-4BD1-9E64-8D2DBC6C5959}.Debug|x64.ActiveCfg = Debug|Any CPU
		{A8C5ACEC-2366-4BD1-9E64-8D2DBC6C5959}.Debug|x64.Build.0 = Debug|Any CPU
		{A8C5ACEC-2366-4BD1-9E64-8D2DBC6C5959}.Debug|x86.ActiveCfg = Debug|Any CPU
		{A8C5ACEC-2366-4BD1-9E64-8D2DBC6C5959}.Debug|x86.Build.0 = Debug|Any CPU
		{A8C5ACEC-2366-4BD1-9E64-8D2DBC6C5959}.Release|Any CPU.ActiveCfg = Release|Any CPU
		{A8C5ACEC-2366-4BD1-9E64-8D2DBC6C5959}.Release|Any CPU.Build.0 = Release|Any CPU
		{A8C5ACEC-2366-4BD1-9E64-8D2DBC6C5959}.Release|x64.ActiveCfg = Release|Any CPU
		{A8C5ACEC-2366-4BD1-9E64-8D2DBC6C5959}.Release|x64.Build.0 = Release|Any CPU
		{A8C5ACEC-2366-4BD1-9E64-8D2DBC6C5959}.Release|x86.ActiveCfg = Release|Any CPU
		{A8C5ACEC-2366-4BD1-9E64-8D2DBC6C5959}.Release|x86.Build.0 = Release|Any CPU
		{B445B7C6-E97E-41F3-95DB-6867EC11E1AA}.Debug|Any CPU.ActiveCfg = Debug|Any CPU
		{B445B7C6-E97E-41F3-95DB-6867EC11E1AA}.Debug|Any CPU.Build.0 = Debug|Any CPU
		{B445B7C6-E97E-41F3-95DB-6867EC11E1AA}.Debug|x64.ActiveCfg = Debug|Any CPU
		{B445B7C6-E97E-41F3-95DB-6867EC11E1AA}.Debug|x64.Build.0 = Debug|Any CPU
		{B445B7C6-E97E-41F3-95DB-6867EC11E1AA}.Debug|x86.ActiveCfg = Debug|Any CPU
		{B445B7C6-E97E-41F3-95DB-6867EC11E1AA}.Debug|x86.Build.0 = Debug|Any CPU
		{B445B7C6-E97E-41F3-95DB-6867EC11E1AA}.Release|Any CPU.ActiveCfg = Release|Any CPU
		{B445B7C6-E97E-41F3-95DB-6867EC11E1AA}.Release|Any CPU.Build.0 = Release|Any CPU
		{B445B7C6-E97E-41F3-95DB-6867EC11E1AA}.Release|x64.ActiveCfg = Release|Any CPU
		{B445B7C6-E97E-41F3-95DB-6867EC11E1AA}.Release|x64.Build.0 = Release|Any CPU
		{B445B7C6-E97E-41F3-95DB-6867EC11E1AA}.Release|x86.ActiveCfg = Release|Any CPU
		{B445B7C6-E97E-41F3-95DB-6867EC11E1AA}.Release|x86.Build.0 = Release|Any CPU
		{4A042090-E6B8-4818-A9F3-4E52939973FB}.Debug|Any CPU.ActiveCfg = Debug|Any CPU
		{4A042090-E6B8-4818-A9F3-4E52939973FB}.Debug|Any CPU.Build.0 = Debug|Any CPU
		{4A042090-E6B8-4818-A9F3-4E52939973FB}.Debug|x64.ActiveCfg = Debug|Any CPU
		{4A042090-E6B8-4818-A9F3-4E52939973FB}.Debug|x64.Build.0 = Debug|Any CPU
		{4A042090-E6B8-4818-A9F3-4E52939973FB}.Debug|x86.ActiveCfg = Debug|Any CPU
		{4A042090-E6B8-4818-A9F3-4E52939973FB}.Debug|x86.Build.0 = Debug|Any CPU
		{4A042090-E6B8-4818-A9F3-4E52939973FB}.Release|Any CPU.ActiveCfg = Release|Any CPU
		{4A042090-E6B8-4818-A9F3-4E52939973FB}.Release|Any CPU.Build.0 = Release|Any CPU
		{4A042090-E6B8-4818-A9F3-4E52939973FB}.Release|x64.ActiveCfg = Release|Any CPU
		{4A042090-E6B8-4818-A9F3-4E52939973FB}.Release|x64.Build.0 = Release|Any CPU
		{4A042090-E6B8-4818-A9F3-4E52939973FB}.Release|x86.ActiveCfg = Release|Any CPU
		{4A042090-E6B8-4818-A9F3-4E52939973FB}.Release|x86.Build.0 = Release|Any CPU
	EndGlobalSection
	GlobalSection(SolutionProperties) = preSolution
		HideSolutionNode = FALSE
	EndGlobalSection
	GlobalSection(ExtensibilityGlobals) = postSolution
		SolutionGuid = {43D38151-1EBD-4F00-8553-CCABF0FA4C94}
	EndGlobalSection
EndGlobal
