
Microsoft Visual Studio Solution File, Format Version 12.00
# Visual Studio Version 17
VisualStudioVersion = 17.0.31903.59
MinimumVisualStudioVersion = 10.0.40219.1
Project("{9A19103F-16F7-4668-BE54-9A1E7A4F7556}") = "R2API", "R2API\R2API\R2API.csproj", "{B9C41F82-0775-4001-B5FD-56CDAAF199A1}"
EndProject
Project("{9A19103F-16F7-4668-BE54-9A1E7A4F7556}") = "BlazorIdentity", "BlazorIdentity\BlazorIdentity\BlazorIdentity.csproj", "{A8C5ACEC-2366-4BD1-9E64-8D2DBC6C5959}"
EndProject
Project("{9A19103F-16F7-4668-BE54-9A1E7A4F7556}") = "rei_identityserver", "rei_identityserver\rei_identityserver.csproj", "{C1631308-DAC1-419A-A016-8D9CD8512608}"
EndProject
Project("{9A19103F-16F7-4668-BE54-9A1E7A4F7556}") = "rei_esperantolib", "rei_esperantolib\rei_esperantolib.csproj", "{6DB46583-671C-43C5-A848-239E6B8A7AD2}"
EndProject
Project("{9A19103F-16F7-4668-BE54-9A1E7A4F7556}") = "REI_MAUI", "REI_MAUI\REI_MAUI\REI_MAUI.csproj", "{24834C3C-F5A3-4072-B6EB-5E7910EEC181}"
EndProject
Project("{FAE04EC0-301F-11D3-BF4B-00C04F79EFBC}") = "rei_bibliotecaRazor", "rei_bibliotecaRazor\rei_bibliotecaRazor.csproj", "{FA17295D-97E6-4A39-818C-B310C49B09E0}"
EndProject
Project("{FAE04EC0-301F-11D3-BF4B-00C04F79EFBC}") = "rei_logicaRazor", "rei_logicaRazor\rei_logicaRazor.csproj", "{BBACBC66-4734-44B5-BD99-B6AF53284110}"
EndProject
Global
	GlobalSection(SolutionConfigurationPlatforms) = preSolution
		Debug|Any CPU = Debug|Any CPU
		Debug|x64 = Debug|x64
		Debug|x86 = Debug|x86
		Release|Any CPU = Release|Any CPU
		Release|x64 = Release|x64
		Release|x86 = Release|x86
	EndGlobalSection
	GlobalSection(ProjectConfigurationPlatforms) = postSolution
		{B9C41F82-0775-4001-B5FD-56CDAAF199A1}.Debug|Any CPU.ActiveCfg = Debug|Any CPU
		{B9C41F82-0775-4001-B5FD-56CDAAF199A1}.Debug|Any CPU.Build.0 = Debug|Any CPU
		{B9C41F82-0775-4001-B5FD-56CDAAF199A1}.Debug|x64.ActiveCfg = Debug|Any CPU
		{B9C41F82-0775-4001-B5FD-56CDAAF199A1}.Debug|x64.Build.0 = Debug|Any CPU
		{B9C41F82-0775-4001-B5FD-56CDAAF199A1}.Debug|x86.ActiveCfg = Debug|Any CPU
		{B9C41F82-0775-4001-B5FD-56CDAAF199A1}.Debug|x86.Build.0 = Debug|Any CPU
		{B9C41F82-0775-4001-B5FD-56CDAAF199A1}.Release|Any CPU.ActiveCfg = Release|Any CPU
		{B9C41F82-0775-4001-B5FD-56CDAAF199A1}.Release|Any CPU.Build.0 = Release|Any CPU
		{B9C41F82-0775-4001-B5FD-56CDAAF199A1}.Release|x64.ActiveCfg = Release|Any CPU
		{B9C41F82-0775-4001-B5FD-56CDAAF199A1}.Release|x64.Build.0 = Release|Any CPU
		{B9C41F82-0775-4001-B5FD-56CDAAF199A1}.Release|x86.ActiveCfg = Release|Any CPU
		{B9C41F82-0775-4001-B5FD-56CDAAF199A1}.Release|x86.Build.0 = Release|Any CPU
		{A8C5ACEC-2366-4BD1-9E64-8D2DBC6C5959}.Debug|Any CPU.ActiveCfg = Debug|Any CPU
		{A8C5ACEC-2366-4BD1-9E64-8D2DBC6C5959}.Debug|Any CPU.Build.0 = Debug|Any CPU
		{A8C5ACEC-2366-4BD1-9E64-8D2DBC6C5959}.Debug|x64.ActiveCfg = Debug|Any CPU
		{A8C5ACEC-2366-4BD1-9E64-8D2DBC6C5959}.Debug|x64.Build.0 = Debug|Any CPU
		{A8C5ACEC-2366-4BD1-9E64-8D2DBC6C5959}.Debug|x86.ActiveCfg = Debug|Any CPU
		{A8C5ACEC-2366-4BD1-9E64-8D2DBC6C5959}.Debug|x86.Build.0 = Debug|Any CPU
		{A8C5ACEC-2366-4BD1-9E64-8D2DBC6C5959}.Release|Any CPU.ActiveCfg = Release|Any CPU
		{A8C5ACEC-2366-4BD1-9E64-8D2DBC6C5959}.Release|Any CPU.Build.0 = Release|Any CPU
		{A8C5ACEC-2366-4BD1-9E64-8D2DBC6C5959}.Release|x64.ActiveCfg = Release|Any CPU
		{A8C5ACEC-2366-4BD1-9E64-8D2DBC6C5959}.Release|x64.Build.0 = Release|Any CPU
		{A8C5ACEC-2366-4BD1-9E64-8D2DBC6C5959}.Release|x86.ActiveCfg = Release|Any CPU
		{A8C5ACEC-2366-4BD1-9E64-8D2DBC6C5959}.Release|x86.Build.0 = Release|Any CPU
		{C1631308-DAC1-419A-A016-8D9CD8512608}.Debug|Any CPU.ActiveCfg = Debug|Any CPU
		{C1631308-DAC1-419A-A016-8D9CD8512608}.Debug|Any CPU.Build.0 = Debug|Any CPU
		{C1631308-DAC1-419A-A016-8D9CD8512608}.Debug|x64.ActiveCfg = Debug|Any CPU
		{C1631308-DAC1-419A-A016-8D9CD8512608}.Debug|x64.Build.0 = Debug|Any CPU
		{C1631308-DAC1-419A-A016-8D9CD8512608}.Debug|x86.ActiveCfg = Debug|Any CPU
		{C1631308-DAC1-419A-A016-8D9CD8512608}.Debug|x86.Build.0 = Debug|Any CPU
		{C1631308-DAC1-419A-A016-8D9CD8512608}.Release|Any CPU.ActiveCfg = Release|Any CPU
		{C1631308-DAC1-419A-A016-8D9CD8512608}.Release|Any CPU.Build.0 = Release|Any CPU
		{C1631308-DAC1-419A-A016-8D9CD8512608}.Release|x64.ActiveCfg = Release|Any CPU
		{C1631308-DAC1-419A-A016-8D9CD8512608}.Release|x64.Build.0 = Release|Any CPU
		{C1631308-DAC1-419A-A016-8D9CD8512608}.Release|x86.ActiveCfg = Release|Any CPU
		{C1631308-DAC1-419A-A016-8D9CD8512608}.Release|x86.Build.0 = Release|Any CPU
		{6DB46583-671C-43C5-A848-239E6B8A7AD2}.Debug|Any CPU.ActiveCfg = Debug|Any CPU
		{6DB46583-671C-43C5-A848-239E6B8A7AD2}.Debug|Any CPU.Build.0 = Debug|Any CPU
		{6DB46583-671C-43C5-A848-239E6B8A7AD2}.Debug|x64.ActiveCfg = Debug|Any CPU
		{6DB46583-671C-43C5-A848-239E6B8A7AD2}.Debug|x64.Build.0 = Debug|Any CPU
		{6DB46583-671C-43C5-A848-239E6B8A7AD2}.Debug|x86.ActiveCfg = Debug|Any CPU
		{6DB46583-671C-43C5-A848-239E6B8A7AD2}.Debug|x86.Build.0 = Debug|Any CPU
		{6DB46583-671C-43C5-A848-239E6B8A7AD2}.Release|Any CPU.ActiveCfg = Release|Any CPU
		{6DB46583-671C-43C5-A848-239E6B8A7AD2}.Release|Any CPU.Build.0 = Release|Any CPU
		{6DB46583-671C-43C5-A848-239E6B8A7AD2}.Release|x64.ActiveCfg = Release|Any CPU
		{6DB46583-671C-43C5-A848-239E6B8A7AD2}.Release|x64.Build.0 = Release|Any CPU
		{6DB46583-671C-43C5-A848-239E6B8A7AD2}.Release|x86.ActiveCfg = Release|Any CPU
		{6DB46583-671C-43C5-A848-239E6B8A7AD2}.Release|x86.Build.0 = Release|Any CPU
		{24834C3C-F5A3-4072-B6EB-5E7910EEC181}.Debug|Any CPU.ActiveCfg = Debug|Any CPU
		{24834C3C-F5A3-4072-B6EB-5E7910EEC181}.Debug|Any CPU.Build.0 = Debug|Any CPU
		{24834C3C-F5A3-4072-B6EB-5E7910EEC181}.Debug|Any CPU.Deploy.0 = Debug|Any CPU
		{24834C3C-F5A3-4072-B6EB-5E7910EEC181}.Debug|x64.ActiveCfg = Debug|Any CPU
		{24834C3C-F5A3-4072-B6EB-5E7910EEC181}.Debug|x64.Build.0 = Debug|Any CPU
		{24834C3C-F5A3-4072-B6EB-5E7910EEC181}.Debug|x64.Deploy.0 = Debug|Any CPU
		{24834C3C-F5A3-4072-B6EB-5E7910EEC181}.Debug|x86.ActiveCfg = Debug|Any CPU
		{24834C3C-F5A3-4072-B6EB-5E7910EEC181}.Debug|x86.Build.0 = Debug|Any CPU
		{24834C3C-F5A3-4072-B6EB-5E7910EEC181}.Debug|x86.Deploy.0 = Debug|Any CPU
		{24834C3C-F5A3-4072-B6EB-5E7910EEC181}.Release|Any CPU.ActiveCfg = Release|Any CPU
		{24834C3C-F5A3-4072-B6EB-5E7910EEC181}.Release|Any CPU.Build.0 = Release|Any CPU
		{24834C3C-F5A3-4072-B6EB-5E7910EEC181}.Release|Any CPU.Deploy.0 = Release|Any CPU
		{24834C3C-F5A3-4072-B6EB-5E7910EEC181}.Release|x64.ActiveCfg = Release|Any CPU
		{24834C3C-F5A3-4072-B6EB-5E7910EEC181}.Release|x64.Build.0 = Release|Any CPU
		{24834C3C-F5A3-4072-B6EB-5E7910EEC181}.Release|x64.Deploy.0 = Release|Any CPU
		{24834C3C-F5A3-4072-B6EB-5E7910EEC181}.Release|x86.ActiveCfg = Release|Any CPU
		{24834C3C-F5A3-4072-B6EB-5E7910EEC181}.Release|x86.Build.0 = Release|Any CPU
		{24834C3C-F5A3-4072-B6EB-5E7910EEC181}.Release|x86.Deploy.0 = Release|Any CPU
		{FA17295D-97E6-4A39-818C-B310C49B09E0}.Debug|Any CPU.ActiveCfg = Debug|Any CPU
		{FA17295D-97E6-4A39-818C-B310C49B09E0}.Debug|Any CPU.Build.0 = Debug|Any CPU
		{FA17295D-97E6-4A39-818C-B310C49B09E0}.Debug|x64.ActiveCfg = Debug|Any CPU
		{FA17295D-97E6-4A39-818C-B310C49B09E0}.Debug|x64.Build.0 = Debug|Any CPU
		{FA17295D-97E6-4A39-818C-B310C49B09E0}.Debug|x86.ActiveCfg = Debug|Any CPU
		{FA17295D-97E6-4A39-818C-B310C49B09E0}.Debug|x86.Build.0 = Debug|Any CPU
		{FA17295D-97E6-4A39-818C-B310C49B09E0}.Release|Any CPU.ActiveCfg = Release|Any CPU
		{FA17295D-97E6-4A39-818C-B310C49B09E0}.Release|Any CPU.Build.0 = Release|Any CPU
		{FA17295D-97E6-4A39-818C-B310C49B09E0}.Release|x64.ActiveCfg = Release|Any CPU
		{FA17295D-97E6-4A39-818C-B310C49B09E0}.Release|x64.Build.0 = Release|Any CPU
		{FA17295D-97E6-4A39-818C-B310C49B09E0}.Release|x86.ActiveCfg = Release|Any CPU
		{FA17295D-97E6-4A39-818C-B310C49B09E0}.Release|x86.Build.0 = Release|Any CPU
		{BBACBC66-4734-44B5-BD99-B6AF53284110}.Debug|Any CPU.ActiveCfg = Debug|Any CPU
		{BBACBC66-4734-44B5-BD99-B6AF53284110}.Debug|Any CPU.Build.0 = Debug|Any CPU
		{BBACBC66-4734-44B5-BD99-B6AF53284110}.Debug|x64.ActiveCfg = Debug|Any CPU
		{BBACBC66-4734-44B5-BD99-B6AF53284110}.Debug|x64.Build.0 = Debug|Any CPU
		{BBACBC66-4734-44B5-BD99-B6AF53284110}.Debug|x86.ActiveCfg = Debug|Any CPU
		{BBACBC66-4734-44B5-BD99-B6AF53284110}.Debug|x86.Build.0 = Debug|Any CPU
		{BBACBC66-4734-44B5-BD99-B6AF53284110}.Release|Any CPU.ActiveCfg = Release|Any CPU
		{BBACBC66-4734-44B5-BD99-B6AF53284110}.Release|Any CPU.Build.0 = Release|Any CPU
		{BBACBC66-4734-44B5-BD99-B6AF53284110}.Release|x64.ActiveCfg = Release|Any CPU
		{BBACBC66-4734-44B5-BD99-B6AF53284110}.Release|x64.Build.0 = Release|Any CPU
		{BBACBC66-4734-44B5-BD99-B6AF53284110}.Release|x86.ActiveCfg = Release|Any CPU
		{BBACBC66-4734-44B5-BD99-B6AF53284110}.Release|x86.Build.0 = Release|Any CPU
	EndGlobalSection
	GlobalSection(SolutionProperties) = preSolution
		HideSolutionNode = FALSE
	EndGlobalSection
	GlobalSection(ExtensibilityGlobals) = postSolution
		SolutionGuid = {43D38151-1EBD-4F00-8553-CCABF0FA4C94}
	EndGlobalSection
EndGlobal
