
Microsoft Visual Studio Solution File, Format Version 12.00
# Visual Studio Version 17
VisualStudioVersion = 17.4.33213.308
MinimumVisualStudioVersion = 10.0.40219.1
Project("{FAE04EC0-301F-11D3-BF4B-00C04F79EFBC}") = "ReiglassSOAP", "ReiglassSOAP\ReiglassSOAP.csproj", "{20B009DE-72C7-4294-AB57-FDBFC81B1A95}"
EndProject
Project("{FAE04EC0-301F-11D3-BF4B-00C04F79EFBC}") = "rei_ef", "..\..\Reitech2\Reitech\Fontes\CSHARP\Laboratorio\rei_ef\rei_ef\rei_ef.csproj", "{C095BFCB-D43F-4169-B549-2F5C26D20F95}"
EndProject
Project("{FAE04EC0-301F-11D3-BF4B-00C04F79EFBC}") = "rei_bll", "..\..\Reitech2\Reitech\Fontes\CSHARP\desenvolvimento\rei_bll\rei_bll.csproj", "{6D96737D-59B2-4D4B-99D3-257E2DE558C7}"
EndProject
Project("{FAE04EC0-301F-11D3-BF4B-00C04F79EFBC}") = "rei_lib", "..\..\Reitech2\Reitech\Fontes\CSHARP\desenvolvimento\rei_lib\rei_lib.csproj", "{9A839AB0-3696-4C6D-8D3F-88D68E02E856}"
EndProject
Project("{FAE04EC0-301F-11D3-BF4B-00C04F79EFBC}") = "rei_componentes", "..\..\Reitech2\Reitech\Fontes\CSHARP\desenvolvimento\rei_componentes\rei_componentes.csproj", "{2DEFB874-C5A4-4102-84C7-50742796423A}"
EndProject
Project("{FAE04EC0-301F-11D3-BF4B-00C04F79EFBC}") = "rei_cadastros", "..\..\Reitech2\Reitech\Fontes\CSHARP\desenvolvimento\rei_cadastros\rei_cadastros.csproj", "{71D5251F-1DFE-40F5-BD19-BA33C10D21CC}"
EndProject
Global
	GlobalSection(SolutionConfigurationPlatforms) = preSolution
		Debug|Any CPU = Debug|Any CPU
		Debug|x64 = Debug|x64
		Debug|x86 = Debug|x86
		Release|Any CPU = Release|Any CPU
		Release|x64 = Release|x64
		Release|x86 = Release|x86
	EndGlobalSection
	GlobalSection(ProjectConfigurationPlatforms) = postSolution
		{20B009DE-72C7-4294-AB57-FDBFC81B1A95}.Debug|Any CPU.ActiveCfg = Debug|Any CPU
		{20B009DE-72C7-4294-AB57-FDBFC81B1A95}.Debug|Any CPU.Build.0 = Debug|Any CPU
		{20B009DE-72C7-4294-AB57-FDBFC81B1A95}.Debug|x64.ActiveCfg = Debug|Any CPU
		{20B009DE-72C7-4294-AB57-FDBFC81B1A95}.Debug|x64.Build.0 = Debug|Any CPU
		{20B009DE-72C7-4294-AB57-FDBFC81B1A95}.Debug|x86.ActiveCfg = Debug|Any CPU
		{20B009DE-72C7-4294-AB57-FDBFC81B1A95}.Debug|x86.Build.0 = Debug|Any CPU
		{20B009DE-72C7-4294-AB57-FDBFC81B1A95}.Release|Any CPU.ActiveCfg = Release|Any CPU
		{20B009DE-72C7-4294-AB57-FDBFC81B1A95}.Release|Any CPU.Build.0 = Release|Any CPU
		{20B009DE-72C7-4294-AB57-FDBFC81B1A95}.Release|x64.ActiveCfg = Release|Any CPU
		{20B009DE-72C7-4294-AB57-FDBFC81B1A95}.Release|x64.Build.0 = Release|Any CPU
		{20B009DE-72C7-4294-AB57-FDBFC81B1A95}.Release|x86.ActiveCfg = Release|Any CPU
		{20B009DE-72C7-4294-AB57-FDBFC81B1A95}.Release|x86.Build.0 = Release|Any CPU
		{C095BFCB-D43F-4169-B549-2F5C26D20F95}.Debug|Any CPU.ActiveCfg = Debug|Any CPU
		{C095BFCB-D43F-4169-B549-2F5C26D20F95}.Debug|Any CPU.Build.0 = Debug|Any CPU
		{C095BFCB-D43F-4169-B549-2F5C26D20F95}.Debug|x64.ActiveCfg = Debug|x64
		{C095BFCB-D43F-4169-B549-2F5C26D20F95}.Debug|x64.Build.0 = Debug|x64
		{C095BFCB-D43F-4169-B549-2F5C26D20F95}.Debug|x86.ActiveCfg = Debug|x86
		{C095BFCB-D43F-4169-B549-2F5C26D20F95}.Debug|x86.Build.0 = Debug|x86
		{C095BFCB-D43F-4169-B549-2F5C26D20F95}.Release|Any CPU.ActiveCfg = Release|Any CPU
		{C095BFCB-D43F-4169-B549-2F5C26D20F95}.Release|Any CPU.Build.0 = Release|Any CPU
		{C095BFCB-D43F-4169-B549-2F5C26D20F95}.Release|x64.ActiveCfg = Release|x64
		{C095BFCB-D43F-4169-B549-2F5C26D20F95}.Release|x64.Build.0 = Release|x64
		{C095BFCB-D43F-4169-B549-2F5C26D20F95}.Release|x86.ActiveCfg = Release|x86
		{C095BFCB-D43F-4169-B549-2F5C26D20F95}.Release|x86.Build.0 = Release|x86
		{6D96737D-59B2-4D4B-99D3-257E2DE558C7}.Debug|Any CPU.ActiveCfg = Debug|Any CPU
		{6D96737D-59B2-4D4B-99D3-257E2DE558C7}.Debug|Any CPU.Build.0 = Debug|Any CPU
		{6D96737D-59B2-4D4B-99D3-257E2DE558C7}.Debug|x64.ActiveCfg = Debug|x64
		{6D96737D-59B2-4D4B-99D3-257E2DE558C7}.Debug|x64.Build.0 = Debug|x64
		{6D96737D-59B2-4D4B-99D3-257E2DE558C7}.Debug|x86.ActiveCfg = Debug|x86
		{6D96737D-59B2-4D4B-99D3-257E2DE558C7}.Debug|x86.Build.0 = Debug|x86
		{6D96737D-59B2-4D4B-99D3-257E2DE558C7}.Release|Any CPU.ActiveCfg = Release|Any CPU
		{6D96737D-59B2-4D4B-99D3-257E2DE558C7}.Release|Any CPU.Build.0 = Release|Any CPU
		{6D96737D-59B2-4D4B-99D3-257E2DE558C7}.Release|x64.ActiveCfg = Release|x64
		{6D96737D-59B2-4D4B-99D3-257E2DE558C7}.Release|x64.Build.0 = Release|x64
		{6D96737D-59B2-4D4B-99D3-257E2DE558C7}.Release|x86.ActiveCfg = Release|x86
		{6D96737D-59B2-4D4B-99D3-257E2DE558C7}.Release|x86.Build.0 = Release|x86
		{9A839AB0-3696-4C6D-8D3F-88D68E02E856}.Debug|Any CPU.ActiveCfg = Debug|Any CPU
		{9A839AB0-3696-4C6D-8D3F-88D68E02E856}.Debug|Any CPU.Build.0 = Debug|Any CPU
		{9A839AB0-3696-4C6D-8D3F-88D68E02E856}.Debug|x64.ActiveCfg = Debug|x64
		{9A839AB0-3696-4C6D-8D3F-88D68E02E856}.Debug|x64.Build.0 = Debug|x64
		{9A839AB0-3696-4C6D-8D3F-88D68E02E856}.Debug|x86.ActiveCfg = Debug|x86
		{9A839AB0-3696-4C6D-8D3F-88D68E02E856}.Debug|x86.Build.0 = Debug|x86
		{9A839AB0-3696-4C6D-8D3F-88D68E02E856}.Release|Any CPU.ActiveCfg = Release|Any CPU
		{9A839AB0-3696-4C6D-8D3F-88D68E02E856}.Release|Any CPU.Build.0 = Release|Any CPU
		{9A839AB0-3696-4C6D-8D3F-88D68E02E856}.Release|x64.ActiveCfg = Release|x64
		{9A839AB0-3696-4C6D-8D3F-88D68E02E856}.Release|x64.Build.0 = Release|x64
		{9A839AB0-3696-4C6D-8D3F-88D68E02E856}.Release|x86.ActiveCfg = Release|x86
		{9A839AB0-3696-4C6D-8D3F-88D68E02E856}.Release|x86.Build.0 = Release|x86
		{2DEFB874-C5A4-4102-84C7-50742796423A}.Debug|Any CPU.ActiveCfg = Debug|Any CPU
		{2DEFB874-C5A4-4102-84C7-50742796423A}.Debug|Any CPU.Build.0 = Debug|Any CPU
		{2DEFB874-C5A4-4102-84C7-50742796423A}.Debug|x64.ActiveCfg = Debug|x64
		{2DEFB874-C5A4-4102-84C7-50742796423A}.Debug|x64.Build.0 = Debug|x64
		{2DEFB874-C5A4-4102-84C7-50742796423A}.Debug|x86.ActiveCfg = Debug|x86
		{2DEFB874-C5A4-4102-84C7-50742796423A}.Debug|x86.Build.0 = Debug|x86
		{2DEFB874-C5A4-4102-84C7-50742796423A}.Release|Any CPU.ActiveCfg = Release|Any CPU
		{2DEFB874-C5A4-4102-84C7-50742796423A}.Release|Any CPU.Build.0 = Release|Any CPU
		{2DEFB874-C5A4-4102-84C7-50742796423A}.Release|x64.ActiveCfg = Release|x64
		{2DEFB874-C5A4-4102-84C7-50742796423A}.Release|x64.Build.0 = Release|x64
		{2DEFB874-C5A4-4102-84C7-50742796423A}.Release|x86.ActiveCfg = Release|x86
		{2DEFB874-C5A4-4102-84C7-50742796423A}.Release|x86.Build.0 = Release|x86
		{71D5251F-1DFE-40F5-BD19-BA33C10D21CC}.Debug|Any CPU.ActiveCfg = Debug|Any CPU
		{71D5251F-1DFE-40F5-BD19-BA33C10D21CC}.Debug|Any CPU.Build.0 = Debug|Any CPU
		{71D5251F-1DFE-40F5-BD19-BA33C10D21CC}.Debug|x64.ActiveCfg = Debug|x64
		{71D5251F-1DFE-40F5-BD19-BA33C10D21CC}.Debug|x64.Build.0 = Debug|x64
		{71D5251F-1DFE-40F5-BD19-BA33C10D21CC}.Debug|x86.ActiveCfg = Debug|x86
		{71D5251F-1DFE-40F5-BD19-BA33C10D21CC}.Debug|x86.Build.0 = Debug|x86
		{71D5251F-1DFE-40F5-BD19-BA33C10D21CC}.Release|Any CPU.ActiveCfg = Release|Any CPU
		{71D5251F-1DFE-40F5-BD19-BA33C10D21CC}.Release|Any CPU.Build.0 = Release|Any CPU
		{71D5251F-1DFE-40F5-BD19-BA33C10D21CC}.Release|x64.ActiveCfg = Release|x64
		{71D5251F-1DFE-40F5-BD19-BA33C10D21CC}.Release|x64.Build.0 = Release|x64
		{71D5251F-1DFE-40F5-BD19-BA33C10D21CC}.Release|x86.ActiveCfg = Release|x86
		{71D5251F-1DFE-40F5-BD19-BA33C10D21CC}.Release|x86.Build.0 = Release|x86
	EndGlobalSection
	GlobalSection(SolutionProperties) = preSolution
		HideSolutionNode = FALSE
	EndGlobalSection
	GlobalSection(ExtensibilityGlobals) = postSolution
		SolutionGuid = {0F156CF0-0966-4DE6-8D71-4E7D68C0A338}
	EndGlobalSection
EndGlobal
