
Microsoft Visual Studio Solution File, Format Version 12.00
# Visual Studio Version 17
VisualStudioVersion = 17.4.33213.308
MinimumVisualStudioVersion = 10.0.40219.1
Project("{FAE04EC0-301F-11D3-BF4B-00C04F79EFBC}") = "Class_Lib", "Class_Lib\Class_Lib.csproj", "{70EF32F6-4582-4C51-9F31-92DBB2911206}"
EndProject
Global
	GlobalSection(SolutionConfigurationPlatforms) = preSolution
		Debug|Any CPU = Debug|Any CPU
		Release|Any CPU = Release|Any CPU
	EndGlobalSection
	GlobalSection(ProjectConfigurationPlatforms) = postSolution
		{70EF32F6-4582-4C51-9F31-92DBB2911206}.Debug|Any CPU.ActiveCfg = Debug|Any CPU
		{70EF32F6-4582-4C51-9F31-92DBB2911206}.Debug|Any CPU.Build.0 = Debug|Any CPU
		{70EF32F6-4582-4C51-9F31-92DBB2911206}.Release|Any CPU.ActiveCfg = Release|Any CPU
		{70EF32F6-4582-4C51-9F31-92DBB2911206}.Release|Any CPU.Build.0 = Release|Any CPU
	EndGlobalSection
	GlobalSection(SolutionProperties) = preSolution
		HideSolutionNode = FALSE
	EndGlobalSection
	GlobalSection(ExtensibilityGlobals) = postSolution
		SolutionGuid = {2B6B5B2D-CF96-4954-8D14-F90C8D25AE57}
	EndGlobalSection
EndGlobal
